{
  "name": "create-pull-request",
  "version": "1.2.1",
  "lockfileVersion": 1,
  "requires": true,
  "dependencies": {
    "@actions/core": {
      "version": "1.1.1",
      "resolved": "https://registry.npmjs.org/@actions/core/-/core-1.1.1.tgz",
      "integrity": "sha512-O5G6EmlzTVsng7VSpNtszIoQq6kOgMGNTFB/hmwKNNA4V71JyxImCIrL27vVHCt2Cb3ImkaCr6o27C2MV9Ylwg=="
    },
    "@actions/exec": {
      "version": "1.0.1",
      "resolved": "https://registry.npmjs.org/@actions/exec/-/exec-1.0.1.tgz",
      "integrity": "sha512-nvFkxwiicvpzNiCBF4wFBDfnBvi7xp/as7LE1hBxBxKG2L29+gkIPBiLKMVORL+Hg3JNf07AKRfl0V5djoypjQ=="
    }
  }
}
